// !$*UTF8*$!
{
	archiveVersion = 1;
	classes = {
	};
	objectVersion = 46;
	objects = {

/* Begin PBXBuildFile section */
		F7FD95571D83905100F4FB19 /* AppDelegate.swift in Sources */ = {isa = PBXBuildFile; fileRef = F7FD95561D83905100F4FB19 /* AppDelegate.swift */; };
		F7FD95591D83905100F4FB19 /* ViewController.swift in Sources */ = {isa = PBXBuildFile; fileRef = F7FD95581D83905100F4FB19 /* ViewController.swift */; };
		F7FD955C1D83905100F4FB19 /* Main.storyboard in Resources */ = {isa = PBXBuildFile; fileRef = F7FD955A1D83905100F4FB19 /* Main.storyboard */; };
		F7FD955E1D83905100F4FB19 /* Assets.xcassets in Resources */ = {isa = PBXBuildFile; fileRef = F7FD955D1D83905100F4FB19 /* Assets.xcassets */; };
		F7FD95611D83905100F4FB19 /* LaunchScreen.storyboard in Resources */ = {isa = PBXBuildFile; fileRef = F7FD955F1D83905100F4FB19 /* LaunchScreen.storyboard */; };
		F7FD956C1D83905200F4FB19 /* CardiacSensorTests.swift in Sources */ = {isa = PBXBuildFile; fileRef = F7FD956B1D83905200F4FB19 /* CardiacSensorTests.swift */; };
		F7FD95771D83905200F4FB19 /* CardiacSensorUITests.swift in Sources */ = {isa = PBXBuildFile; fileRef = F7FD95761D83905200F4FB19 /* CardiacSensorUITests.swift */; };
		F7FD957C1D83905200F4FB19 /* CardiacSensor WatchKit App.app in Embed Watch Content */ = {isa = PBXBuildFile; fileRef = F7FD957B1D83905200F4FB19 /* CardiacSensor WatchKit App.app */; };
		F7FD95821D83905200F4FB19 /* Interface.storyboard in Resources */ = {isa = PBXBuildFile; fileRef = F7FD95801D83905200F4FB19 /* Interface.storyboard */; };
		F7FD95841D83905200F4FB19 /* Assets.xcassets in Resources */ = {isa = PBXBuildFile; fileRef = F7FD95831D83905200F4FB19 /* Assets.xcassets */; };
		F7FD958B1D83905200F4FB19 /* CardiacSensor WatchKit Extension.appex in Embed App Extensions */ = {isa = PBXBuildFile; fileRef = F7FD958A1D83905200F4FB19 /* CardiacSensor WatchKit Extension.appex */; settings = {ATTRIBUTES = (RemoveHeadersOnCopy, ); }; };
		F7FD95921D83905200F4FB19 /* InterfaceController.swift in Sources */ = {isa = PBXBuildFile; fileRef = F7FD95911D83905200F4FB19 /* InterfaceController.swift */; };
		F7FD95941D83905200F4FB19 /* ExtensionDelegate.swift in Sources */ = {isa = PBXBuildFile; fileRef = F7FD95931D83905200F4FB19 /* ExtensionDelegate.swift */; };
		F7FD95961D83905200F4FB19 /* NotificationController.swift in Sources */ = {isa = PBXBuildFile; fileRef = F7FD95951D83905200F4FB19 /* NotificationController.swift */; };
		F7FD95981D83905200F4FB19 /* Assets.xcassets in Resources */ = {isa = PBXBuildFile; fileRef = F7FD95971D83905200F4FB19 /* Assets.xcassets */; };
/* End PBXBuildFile section */

/* Begin PBXContainerItemProxy section */
		F7FD95681D83905100F4FB19 /* PBXContainerItemProxy */ = {
			isa = PBXContainerItemProxy;
			containerPortal = F7FD954B1D83905100F4FB19 /* Project object */;
			proxyType = 1;
			remoteGlobalIDString = F7FD95521D83905100F4FB19;
			remoteInfo = CardiacSensor;
		};
		F7FD95731D83905200F4FB19 /* PBXContainerItemProxy */ = {
			isa = PBXContainerItemProxy;
			containerPortal = F7FD954B1D83905100F4FB19 /* Project object */;
			proxyType = 1;
			remoteGlobalIDString = F7FD95521D83905100F4FB19;
			remoteInfo = CardiacSensor;
		};
		F7FD957D1D83905200F4FB19 /* PBXContainerItemProxy */ = {
			isa = PBXContainerItemProxy;
			containerPortal = F7FD954B1D83905100F4FB19 /* Project object */;
			proxyType = 1;
			remoteGlobalIDString = F7FD957A1D83905200F4FB19;
			remoteInfo = "CardiacSensor WatchKit App";
		};
		F7FD958C1D83905200F4FB19 /* PBXContainerItemProxy */ = {
			isa = PBXContainerItemProxy;
			containerPortal = F7FD954B1D83905100F4FB19 /* Project object */;
			proxyType = 1;
			remoteGlobalIDString = F7FD95891D83905200F4FB19;
			remoteInfo = "CardiacSensor WatchKit Extension";
		};
/* End PBXContainerItemProxy section */

/* Begin PBXCopyFilesBuildPhase section */
		F7FD959F1D83905200F4FB19 /* Embed App Extensions */ = {
			isa = PBXCopyFilesBuildPhase;
			buildActionMask = 2147483647;
			dstPath = "";
			dstSubfolderSpec = 13;
			files = (
				F7FD958B1D83905200F4FB19 /* CardiacSensor WatchKit Extension.appex in Embed App Extensions */,
			);
			name = "Embed App Extensions";
			runOnlyForDeploymentPostprocessing = 0;
		};
		F7FD95A31D83905200F4FB19 /* Embed Watch Content */ = {
			isa = PBXCopyFilesBuildPhase;
			buildActionMask = 2147483647;
			dstPath = "$(CONTENTS_FOLDER_PATH)/Watch";
			dstSubfolderSpec = 16;
			files = (
				F7FD957C1D83905200F4FB19 /* CardiacSensor WatchKit App.app in Embed Watch Content */,
			);
			name = "Embed Watch Content";
			runOnlyForDeploymentPostprocessing = 0;
		};
/* End PBXCopyFilesBuildPhase section */

/* Begin PBXFileReference section */
		F7FD95531D83905100F4FB19 /* CardiacSensor.app */ = {isa = PBXFileReference; explicitFileType = wrapper.application; includeInIndex = 0; path = CardiacSensor.app; sourceTree = BUILT_PRODUCTS_DIR; };
		F7FD95561D83905100F4FB19 /* AppDelegate.swift */ = {isa = PBXFileReference; lastKnownFileType = sourcecode.swift; path = AppDelegate.swift; sourceTree = "<group>"; };
		F7FD95581D83905100F4FB19 /* ViewController.swift */ = {isa = PBXFileReference; lastKnownFileType = sourcecode.swift; path = ViewController.swift; sourceTree = "<group>"; };
		F7FD955B1D83905100F4FB19 /* Base */ = {isa = PBXFileReference; lastKnownFileType = file.storyboard; name = Base; path = Base.lproj/Main.storyboard; sourceTree = "<group>"; };
		F7FD955D1D83905100F4FB19 /* Assets.xcassets */ = {isa = PBXFileReference; lastKnownFileType = folder.assetcatalog; path = Assets.xcassets; sourceTree = "<group>"; };
		F7FD95601D83905100F4FB19 /* Base */ = {isa = PBXFileReference; lastKnownFileType = file.storyboard; name = Base; path = Base.lproj/LaunchScreen.storyboard; sourceTree = "<group>"; };
		F7FD95621D83905100F4FB19 /* Info.plist */ = {isa = PBXFileReference; lastKnownFileType = text.plist.xml; path = Info.plist; sourceTree = "<group>"; };
		F7FD95671D83905100F4FB19 /* CardiacSensorTests.xctest */ = {isa = PBXFileReference; explicitFileType = wrapper.cfbundle; includeInIndex = 0; path = CardiacSensorTests.xctest; sourceTree = BUILT_PRODUCTS_DIR; };
		F7FD956B1D83905200F4FB19 /* CardiacSensorTests.swift */ = {isa = PBXFileReference; lastKnownFileType = sourcecode.swift; path = CardiacSensorTests.swift; sourceTree = "<group>"; };
		F7FD956D1D83905200F4FB19 /* Info.plist */ = {isa = PBXFileReference; lastKnownFileType = text.plist.xml; path = Info.plist; sourceTree = "<group>"; };
		F7FD95721D83905200F4FB19 /* CardiacSensorUITests.xctest */ = {isa = PBXFileReference; explicitFileType = wrapper.cfbundle; includeInIndex = 0; path = CardiacSensorUITests.xctest; sourceTree = BUILT_PRODUCTS_DIR; };
		F7FD95761D83905200F4FB19 /* CardiacSensorUITests.swift */ = {isa = PBXFileReference; lastKnownFileType = sourcecode.swift; path = CardiacSensorUITests.swift; sourceTree = "<group>"; };
		F7FD95781D83905200F4FB19 /* Info.plist */ = {isa = PBXFileReference; lastKnownFileType = text.plist.xml; path = Info.plist; sourceTree = "<group>"; };
		F7FD957B1D83905200F4FB19 /* CardiacSensor WatchKit App.app */ = {isa = PBXFileReference; explicitFileType = wrapper.application; includeInIndex = 0; path = "CardiacSensor WatchKit App.app"; sourceTree = BUILT_PRODUCTS_DIR; };
		F7FD95811D83905200F4FB19 /* Base */ = {isa = PBXFileReference; lastKnownFileType = file.storyboard; name = Base; path = Base.lproj/Interface.storyboard; sourceTree = "<group>"; };
		F7FD95831D83905200F4FB19 /* Assets.xcassets */ = {isa = PBXFileReference; lastKnownFileType = folder.assetcatalog; path = Assets.xcassets; sourceTree = "<group>"; };
		F7FD95851D83905200F4FB19 /* Info.plist */ = {isa = PBXFileReference; lastKnownFileType = text.plist.xml; path = Info.plist; sourceTree = "<group>"; };
		F7FD958A1D83905200F4FB19 /* CardiacSensor WatchKit Extension.appex */ = {isa = PBXFileReference; explicitFileType = "wrapper.app-extension"; includeInIndex = 0; path = "CardiacSensor WatchKit Extension.appex"; sourceTree = BUILT_PRODUCTS_DIR; };
		F7FD95901D83905200F4FB19 /* PushNotificationPayload.apns */ = {isa = PBXFileReference; lastKnownFileType = text; path = PushNotificationPayload.apns; sourceTree = "<group>"; };
		F7FD95911D83905200F4FB19 /* InterfaceController.swift */ = {isa = PBXFileReference; lastKnownFileType = sourcecode.swift; path = InterfaceController.swift; sourceTree = "<group>"; };
		F7FD95931D83905200F4FB19 /* ExtensionDelegate.swift */ = {isa = PBXFileReference; lastKnownFileType = sourcecode.swift; path = ExtensionDelegate.swift; sourceTree = "<group>"; };
		F7FD95951D83905200F4FB19 /* NotificationController.swift */ = {isa = PBXFileReference; lastKnownFileType = sourcecode.swift; path = NotificationController.swift; sourceTree = "<group>"; };
		F7FD95971D83905200F4FB19 /* Assets.xcassets */ = {isa = PBXFileReference; lastKnownFileType = folder.assetcatalog; path = Assets.xcassets; sourceTree = "<group>"; };
		F7FD95991D83905200F4FB19 /* Info.plist */ = {isa = PBXFileReference; lastKnownFileType = text.plist.xml; path = Info.plist; sourceTree = "<group>"; };
/* End PBXFileReference section */

/* Begin PBXFrameworksBuildPhase section */
		F7FD95501D83905100F4FB19 /* Frameworks */ = {
			isa = PBXFrameworksBuildPhase;
			buildActionMask = 2147483647;
			files = (
			);
			runOnlyForDeploymentPostprocessing = 0;
		};
		F7FD95641D83905100F4FB19 /* Frameworks */ = {
			isa = PBXFrameworksBuildPhase;
			buildActionMask = 2147483647;
			files = (
			);
			runOnlyForDeploymentPostprocessing = 0;
		};
		F7FD956F1D83905200F4FB19 /* Frameworks */ = {
			isa = PBXFrameworksBuildPhase;
			buildActionMask = 2147483647;
			files = (
			);
			runOnlyForDeploymentPostprocessing = 0;
		};
		F7FD95871D83905200F4FB19 /* Frameworks */ = {
			isa = PBXFrameworksBuildPhase;
			buildActionMask = 2147483647;
			files = (
			);
			runOnlyForDeploymentPostprocessing = 0;
		};
/* End PBXFrameworksBuildPhase section */

/* Begin PBXGroup section */
		F7FD954A1D83905100F4FB19 = {
			isa = PBXGroup;
			children = (
				F7FD95551D83905100F4FB19 /* CardiacSensor */,
				F7FD956A1D83905100F4FB19 /* CardiacSensorTests */,
				F7FD95751D83905200F4FB19 /* CardiacSensorUITests */,
				F7FD957F1D83905200F4FB19 /* CardiacSensor WatchKit App */,
				F7FD958E1D83905200F4FB19 /* CardiacSensor WatchKit Extension */,
				F7FD95541D83905100F4FB19 /* Products */,
			);
			sourceTree = "<group>";
		};
		F7FD95541D83905100F4FB19 /* Products */ = {
			isa = PBXGroup;
			children = (
				F7FD95531D83905100F4FB19 /* CardiacSensor.app */,
				F7FD95671D83905100F4FB19 /* CardiacSensorTests.xctest */,
				F7FD95721D83905200F4FB19 /* CardiacSensorUITests.xctest */,
				F7FD957B1D83905200F4FB19 /* CardiacSensor WatchKit App.app */,
				F7FD958A1D83905200F4FB19 /* CardiacSensor WatchKit Extension.appex */,
			);
			name = Products;
			sourceTree = "<group>";
		};
		F7FD95551D83905100F4FB19 /* CardiacSensor */ = {
			isa = PBXGroup;
			children = (
				F7FD95561D83905100F4FB19 /* AppDelegate.swift */,
				F7FD95581D83905100F4FB19 /* ViewController.swift */,
				F7FD955A1D83905100F4FB19 /* Main.storyboard */,
				F7FD955D1D83905100F4FB19 /* Assets.xcassets */,
				F7FD955F1D83905100F4FB19 /* LaunchScreen.storyboard */,
				F7FD95621D83905100F4FB19 /* Info.plist */,
			);
			path = CardiacSensor;
			sourceTree = "<group>";
		};
		F7FD956A1D83905100F4FB19 /* CardiacSensorTests */ = {
			isa = PBXGroup;
			children = (
				F7FD956B1D83905200F4FB19 /* CardiacSensorTests.swift */,
				F7FD956D1D83905200F4FB19 /* Info.plist */,
			);
			path = CardiacSensorTests;
			sourceTree = "<group>";
		};
		F7FD95751D83905200F4FB19 /* CardiacSensorUITests */ = {
			isa = PBXGroup;
			children = (
				F7FD95761D83905200F4FB19 /* CardiacSensorUITests.swift */,
				F7FD95781D83905200F4FB19 /* Info.plist */,
			);
			path = CardiacSensorUITests;
			sourceTree = "<group>";
		};
		F7FD957F1D83905200F4FB19 /* CardiacSensor WatchKit App */ = {
			isa = PBXGroup;
			children = (
				F7FD95801D83905200F4FB19 /* Interface.storyboard */,
				F7FD95831D83905200F4FB19 /* Assets.xcassets */,
				F7FD95851D83905200F4FB19 /* Info.plist */,
			);
			path = "CardiacSensor WatchKit App";
			sourceTree = "<group>";
		};
		F7FD958E1D83905200F4FB19 /* CardiacSensor WatchKit Extension */ = {
			isa = PBXGroup;
			children = (
				F7FD95911D83905200F4FB19 /* InterfaceController.swift */,
				F7FD95931D83905200F4FB19 /* ExtensionDelegate.swift */,
				F7FD95951D83905200F4FB19 /* NotificationController.swift */,
				F7FD95971D83905200F4FB19 /* Assets.xcassets */,
				F7FD95991D83905200F4FB19 /* Info.plist */,
				F7FD958F1D83905200F4FB19 /* Supporting Files */,
			);
			path = "CardiacSensor WatchKit Extension";
			sourceTree = "<group>";
		};
		F7FD958F1D83905200F4FB19 /* Supporting Files */ = {
			isa = PBXGroup;
			children = (
				F7FD95901D83905200F4FB19 /* PushNotificationPayload.apns */,
			);
			name = "Supporting Files";
			sourceTree = "<group>";
		};
/* End PBXGroup section */

/* Begin PBXNativeTarget section */
		F7FD95521D83905100F4FB19 /* CardiacSensor */ = {
			isa = PBXNativeTarget;
			buildConfigurationList = F7FD95A41D83905200F4FB19 /* Build configuration list for PBXNativeTarget "CardiacSensor" */;
			buildPhases = (
				F7FD954F1D83905100F4FB19 /* Sources */,
				F7FD95501D83905100F4FB19 /* Frameworks */,
				F7FD95511D83905100F4FB19 /* Resources */,
				F7FD95A31D83905200F4FB19 /* Embed Watch Content */,
			);
			buildRules = (
			);
			dependencies = (
				F7FD957E1D83905200F4FB19 /* PBXTargetDependency */,
			);
			name = CardiacSensor;
			productName = CardiacSensor;
			productReference = F7FD95531D83905100F4FB19 /* CardiacSensor.app */;
			productType = "com.apple.product-type.application";
		};
		F7FD95661D83905100F4FB19 /* CardiacSensorTests */ = {
			isa = PBXNativeTarget;
			buildConfigurationList = F7FD95A71D83905200F4FB19 /* Build configuration list for PBXNativeTarget "CardiacSensorTests" */;
			buildPhases = (
				F7FD95631D83905100F4FB19 /* Sources */,
				F7FD95641D83905100F4FB19 /* Frameworks */,
				F7FD95651D83905100F4FB19 /* Resources */,
			);
			buildRules = (
			);
			dependencies = (
				F7FD95691D83905100F4FB19 /* PBXTargetDependency */,
			);
			name = CardiacSensorTests;
			productName = CardiacSensorTests;
			productReference = F7FD95671D83905100F4FB19 /* CardiacSensorTests.xctest */;
			productType = "com.apple.product-type.bundle.unit-test";
		};
		F7FD95711D83905200F4FB19 /* CardiacSensorUITests */ = {
			isa = PBXNativeTarget;
			buildConfigurationList = F7FD95AA1D83905200F4FB19 /* Build configuration list for PBXNativeTarget "CardiacSensorUITests" */;
			buildPhases = (
				F7FD956E1D83905200F4FB19 /* Sources */,
				F7FD956F1D83905200F4FB19 /* Frameworks */,
				F7FD95701D83905200F4FB19 /* Resources */,
			);
			buildRules = (
			);
			dependencies = (
				F7FD95741D83905200F4FB19 /* PBXTargetDependency */,
			);
			name = CardiacSensorUITests;
			productName = CardiacSensorUITests;
			productReference = F7FD95721D83905200F4FB19 /* CardiacSensorUITests.xctest */;
			productType = "com.apple.product-type.bundle.ui-testing";
		};
		F7FD957A1D83905200F4FB19 /* CardiacSensor WatchKit App */ = {
			isa = PBXNativeTarget;
			buildConfigurationList = F7FD95A01D83905200F4FB19 /* Build configuration list for PBXNativeTarget "CardiacSensor WatchKit App" */;
			buildPhases = (
				F7FD95791D83905200F4FB19 /* Resources */,
				F7FD959F1D83905200F4FB19 /* Embed App Extensions */,
			);
			buildRules = (
			);
			dependencies = (
				F7FD958D1D83905200F4FB19 /* PBXTargetDependency */,
			);
			name = "CardiacSensor WatchKit App";
			productName = "CardiacSensor WatchKit App";
			productReference = F7FD957B1D83905200F4FB19 /* CardiacSensor WatchKit App.app */;
			productType = "com.apple.product-type.application.watchapp2";
		};
		F7FD95891D83905200F4FB19 /* CardiacSensor WatchKit Extension */ = {
			isa = PBXNativeTarget;
			buildConfigurationList = F7FD959C1D83905200F4FB19 /* Build configuration list for PBXNativeTarget "CardiacSensor WatchKit Extension" */;
			buildPhases = (
				F7FD95861D83905200F4FB19 /* Sources */,
				F7FD95871D83905200F4FB19 /* Frameworks */,
				F7FD95881D83905200F4FB19 /* Resources */,
			);
			buildRules = (
			);
			dependencies = (
			);
			name = "CardiacSensor WatchKit Extension";
			productName = "CardiacSensor WatchKit Extension";
			productReference = F7FD958A1D83905200F4FB19 /* CardiacSensor WatchKit Extension.appex */;
			productType = "com.apple.product-type.watchkit2-extension";
		};
/* End PBXNativeTarget section */

/* Begin PBXProject section */
		F7FD954B1D83905100F4FB19 /* Project object */ = {
			isa = PBXProject;
			attributes = {
				LastSwiftUpdateCheck = 0730;
				LastUpgradeCheck = 0730;
				ORGANIZATIONNAME = "Arrested Development";
				TargetAttributes = {
					F7FD95521D83905100F4FB19 = {
						CreatedOnToolsVersion = 7.3.1;
					};
					F7FD95661D83905100F4FB19 = {
						CreatedOnToolsVersion = 7.3.1;
						TestTargetID = F7FD95521D83905100F4FB19;
					};
					F7FD95711D83905200F4FB19 = {
						CreatedOnToolsVersion = 7.3.1;
						TestTargetID = F7FD95521D83905100F4FB19;
					};
					F7FD957A1D83905200F4FB19 = {
						CreatedOnToolsVersion = 7.3.1;
					};
					F7FD95891D83905200F4FB19 = {
						CreatedOnToolsVersion = 7.3.1;
					};
				};
			};
			buildConfigurationList = F7FD954E1D83905100F4FB19 /* Build configuration list for PBXProject "CardiacSensor" */;
			compatibilityVersion = "Xcode 3.2";
			developmentRegion = English;
			hasScannedForEncodings = 0;
			knownRegions = (
				en,
				Base,
			);
			mainGroup = F7FD954A1D83905100F4FB19;
			productRefGroup = F7FD95541D83905100F4FB19 /* Products */;
			projectDirPath = "";
			projectRoot = "";
			targets = (
				F7FD95521D83905100F4FB19 /* CardiacSensor */,
				F7FD95661D83905100F4FB19 /* CardiacSensorTests */,
				F7FD95711D83905200F4FB19 /* CardiacSensorUITests */,
				F7FD957A1D83905200F4FB19 /* CardiacSensor WatchKit App */,
				F7FD95891D83905200F4FB19 /* CardiacSensor WatchKit Extension */,
			);
		};
/* End PBXProject section */

/* Begin PBXResourcesBuildPhase section */
		F7FD95511D83905100F4FB19 /* Resources */ = {
			isa = PBXResourcesBuildPhase;
			buildActionMask = 2147483647;
			files = (
				F7FD95611D83905100F4FB19 /* LaunchScreen.storyboard in Resources */,
				F7FD955E1D83905100F4FB19 /* Assets.xcassets in Resources */,
				F7FD955C1D83905100F4FB19 /* Main.storyboard in Resources */,
			);
			runOnlyForDeploymentPostprocessing = 0;
		};
		F7FD95651D83905100F4FB19 /* Resources */ = {
			isa = PBXResourcesBuildPhase;
			buildActionMask = 2147483647;
			files = (
			);
			runOnlyForDeploymentPostprocessing = 0;
		};
		F7FD95701D83905200F4FB19 /* Resources */ = {
			isa = PBXResourcesBuildPhase;
			buildActionMask = 2147483647;
			files = (
			);
			runOnlyForDeploymentPostprocessing = 0;
		};
		F7FD95791D83905200F4FB19 /* Resources */ = {
			isa = PBXResourcesBuildPhase;
			buildActionMask = 2147483647;
			files = (
				F7FD95841D83905200F4FB19 /* Assets.xcassets in Resources */,
				F7FD95821D83905200F4FB19 /* Interface.storyboard in Resources */,
			);
			runOnlyForDeploymentPostprocessing = 0;
		};
		F7FD95881D83905200F4FB19 /* Resources */ = {
			isa = PBXResourcesBuildPhase;
			buildActionMask = 2147483647;
			files = (
				F7FD95981D83905200F4FB19 /* Assets.xcassets in Resources */,
			);
			runOnlyForDeploymentPostprocessing = 0;
		};
/* End PBXResourcesBuildPhase section */

/* Begin PBXSourcesBuildPhase section */
		F7FD954F1D83905100F4FB19 /* Sources */ = {
			isa = PBXSourcesBuildPhase;
			buildActionMask = 2147483647;
			files = (
				F7FD95591D83905100F4FB19 /* ViewController.swift in Sources */,
				F7FD95571D83905100F4FB19 /* AppDelegate.swift in Sources */,
			);
			runOnlyForDeploymentPostprocessing = 0;
		};
		F7FD95631D83905100F4FB19 /* Sources */ = {
			isa = PBXSourcesBuildPhase;
			buildActionMask = 2147483647;
			files = (
				F7FD956C1D83905200F4FB19 /* CardiacSensorTests.swift in Sources */,
			);
			runOnlyForDeploymentPostprocessing = 0;
		};
		F7FD956E1D83905200F4FB19 /* Sources */ = {
			isa = PBXSourcesBuildPhase;
			buildActionMask = 2147483647;
			files = (
				F7FD95771D83905200F4FB19 /* CardiacSensorUITests.swift in Sources */,
			);
			runOnlyForDeploymentPostprocessing = 0;
		};
		F7FD95861D83905200F4FB19 /* Sources */ = {
			isa = PBXSourcesBuildPhase;
			buildActionMask = 2147483647;
			files = (
				F7FD95961D83905200F4FB19 /* NotificationController.swift in Sources */,
				F7FD95941D83905200F4FB19 /* ExtensionDelegate.swift in Sources */,
				F7FD95921D83905200F4FB19 /* InterfaceController.swift in Sources */,
			);
			runOnlyForDeploymentPostprocessing = 0;
		};
/* End PBXSourcesBuildPhase section */

/* Begin PBXTargetDependency section */
		F7FD95691D83905100F4FB19 /* PBXTargetDependency */ = {
			isa = PBXTargetDependency;
			target = F7FD95521D83905100F4FB19 /* CardiacSensor */;
			targetProxy = F7FD95681D83905100F4FB19 /* PBXContainerItemProxy */;
		};
		F7FD95741D83905200F4FB19 /* PBXTargetDependency */ = {
			isa = PBXTargetDependency;
			target = F7FD95521D83905100F4FB19 /* CardiacSensor */;
			targetProxy = F7FD95731D83905200F4FB19 /* PBXContainerItemProxy */;
		};
		F7FD957E1D83905200F4FB19 /* PBXTargetDependency */ = {
			isa = PBXTargetDependency;
			target = F7FD957A1D83905200F4FB19 /* CardiacSensor WatchKit App */;
			targetProxy = F7FD957D1D83905200F4FB19 /* PBXContainerItemProxy */;
		};
		F7FD958D1D83905200F4FB19 /* PBXTargetDependency */ = {
			isa = PBXTargetDependency;
			target = F7FD95891D83905200F4FB19 /* CardiacSensor WatchKit Extension */;
			targetProxy = F7FD958C1D83905200F4FB19 /* PBXContainerItemProxy */;
		};
/* End PBXTargetDependency section */

/* Begin PBXVariantGroup section */
		F7FD955A1D83905100F4FB19 /* Main.storyboard */ = {
			isa = PBXVariantGroup;
			children = (
				F7FD955B1D83905100F4FB19 /* Base */,
			);
			name = Main.storyboard;
			sourceTree = "<group>";
		};
		F7FD955F1D83905100F4FB19 /* LaunchScreen.storyboard */ = {
			isa = PBXVariantGroup;
			children = (
				F7FD95601D83905100F4FB19 /* Base */,
			);
			name = LaunchScreen.storyboard;
			sourceTree = "<group>";
		};
		F7FD95801D83905200F4FB19 /* Interface.storyboard */ = {
			isa = PBXVariantGroup;
			children = (
				F7FD95811D83905200F4FB19 /* Base */,
			);
			name = Interface.storyboard;
			sourceTree = "<group>";
		};
/* End PBXVariantGroup section */

/* Begin XCBuildConfiguration section */
		F7FD959A1D83905200F4FB19 /* Debug */ = {
			isa = XCBuildConfiguration;
			buildSettings = {
				ALWAYS_SEARCH_USER_PATHS = NO;
				CLANG_ANALYZER_NONNULL = YES;
				CLANG_CXX_LANGUAGE_STANDARD = "gnu++0x";
				CLANG_CXX_LIBRARY = "libc++";
				CLANG_ENABLE_MODULES = YES;
				CLANG_ENABLE_OBJC_ARC = YES;
				CLANG_WARN_BOOL_CONVERSION = YES;
				CLANG_WARN_CONSTANT_CONVERSION = YES;
				CLANG_WARN_DIRECT_OBJC_ISA_USAGE = YES_ERROR;
				CLANG_WARN_EMPTY_BODY = YES;
				CLANG_WARN_ENUM_CONVERSION = YES;
				CLANG_WARN_INT_CONVERSION = YES;
				CLANG_WARN_OBJC_ROOT_CLASS = YES_ERROR;
				CLANG_WARN_UNREACHABLE_CODE = YES;
				CLANG_WARN__DUPLICATE_METHOD_MATCH = YES;
				"CODE_SIGN_IDENTITY[sdk=iphoneos*]" = "iPhone Developer";
				COPY_PHASE_STRIP = NO;
				DEBUG_INFORMATION_FORMAT = dwarf;
				ENABLE_STRICT_OBJC_MSGSEND = YES;
				ENABLE_TESTABILITY = YES;
				GCC_C_LANGUAGE_STANDARD = gnu99;
				GCC_DYNAMIC_NO_PIC = NO;
				GCC_NO_COMMON_BLOCKS = YES;
				GCC_OPTIMIZATION_LEVEL = 0;
				GCC_PREPROCESSOR_DEFINITIONS = (
					"DEBUG=1",
					"$(inherited)",
				);
				GCC_WARN_64_TO_32_BIT_CONVERSION = YES;
				GCC_WARN_ABOUT_RETURN_TYPE = YES_ERROR;
				GCC_WARN_UNDECLARED_SELECTOR = YES;
				GCC_WARN_UNINITIALIZED_AUTOS = YES_AGGRESSIVE;
				GCC_WARN_UNUSED_FUNCTION = YES;
				GCC_WARN_UNUSED_VARIABLE = YES;
				IPHONEOS_DEPLOYMENT_TARGET = 9.3;
				MTL_ENABLE_DEBUG_INFO = YES;
				ONLY_ACTIVE_ARCH = YES;
				SDKROOT = iphoneos;
				SWIFT_OPTIMIZATION_LEVEL = "-Onone";
				TARGETED_DEVICE_FAMILY = "1,2";
			};
			name = Debug;
		};
		F7FD959B1D83905200F4FB19 /* Release */ = {
			isa = XCBuildConfiguration;
			buildSettings = {
				ALWAYS_SEARCH_USER_PATHS = NO;
				CLANG_ANALYZER_NONNULL = YES;
				CLANG_CXX_LANGUAGE_STANDARD = "gnu++0x";
				CLANG_CXX_LIBRARY = "libc++";
				CLANG_ENABLE_MODULES = YES;
				CLANG_ENABLE_OBJC_ARC = YES;
				CLANG_WARN_BOOL_CONVERSION = YES;
				CLANG_WARN_CONSTANT_CONVERSION = YES;
				CLANG_WARN_DIRECT_OBJC_ISA_USAGE = YES_ERROR;
				CLANG_WARN_EMPTY_BODY = YES;
				CLANG_WARN_ENUM_CONVERSION = YES;
				CLANG_WARN_INT_CONVERSION = YES;
				CLANG_WARN_OBJC_ROOT_CLASS = YES_ERROR;
				CLANG_WARN_UNREACHABLE_CODE = YES;
				CLANG_WARN__DUPLICATE_METHOD_MATCH = YES;
				"CODE_SIGN_IDENTITY[sdk=iphoneos*]" = "iPhone Developer";
				COPY_PHASE_STRIP = NO;
				DEBUG_INFORMATION_FORMAT = "dwarf-with-dsym";
				ENABLE_NS_ASSERTIONS = NO;
				ENABLE_STRICT_OBJC_MSGSEND = YES;
				GCC_C_LANGUAGE_STANDARD = gnu99;
				GCC_NO_COMMON_BLOCKS = YES;
				GCC_WARN_64_TO_32_BIT_CONVERSION = YES;
				GCC_WARN_ABOUT_RETURN_TYPE = YES_ERROR;
				GCC_WARN_UNDECLARED_SELECTOR = YES;
				GCC_WARN_UNINITIALIZED_AUTOS = YES_AGGRESSIVE;
				GCC_WARN_UNUSED_FUNCTION = YES;
				GCC_WARN_UNUSED_VARIABLE = YES;
				IPHONEOS_DEPLOYMENT_TARGET = 9.3;
				MTL_ENABLE_DEBUG_INFO = NO;
				SDKROOT = iphoneos;
				TARGETED_DEVICE_FAMILY = "1,2";
				VALIDATE_PRODUCT = YES;
			};
			name = Release;
		};
		F7FD959D1D83905200F4FB19 /* Debug */ = {
			isa = XCBuildConfiguration;
			buildSettings = {
				INFOPLIST_FILE = "CardiacSensor WatchKit Extension/Info.plist";
				LD_RUNPATH_SEARCH_PATHS = "$(inherited) @executable_path/Frameworks @executable_path/../../Frameworks";
				PRODUCT_BUNDLE_IDENTIFIER = com.ArrestedDev.CardiacSensor.watchkitapp.watchkitextension;
				PRODUCT_NAME = "${TARGET_NAME}";
				SDKROOT = watchos;
				SKIP_INSTALL = YES;
				TARGETED_DEVICE_FAMILY = 4;
				WATCHOS_DEPLOYMENT_TARGET = 2.2;
			};
			name = Debug;
		};
		F7FD959E1D83905200F4FB19 /* Release */ = {
			isa = XCBuildConfiguration;
			buildSettings = {
				INFOPLIST_FILE = "CardiacSensor WatchKit Extension/Info.plist";
				LD_RUNPATH_SEARCH_PATHS = "$(inherited) @executable_path/Frameworks @executable_path/../../Frameworks";
				PRODUCT_BUNDLE_IDENTIFIER = com.ArrestedDev.CardiacSensor.watchkitapp.watchkitextension;
				PRODUCT_NAME = "${TARGET_NAME}";
				SDKROOT = watchos;
				SKIP_INSTALL = YES;
				TARGETED_DEVICE_FAMILY = 4;
				WATCHOS_DEPLOYMENT_TARGET = 2.2;
			};
			name = Release;
		};
		F7FD95A11D83905200F4FB19 /* Debug */ = {
			isa = XCBuildConfiguration;
			buildSettings = {
				ASSETCATALOG_COMPILER_APPICON_NAME = AppIcon;
				EMBEDDED_CONTENT_CONTAINS_SWIFT = YES;
				IBSC_MODULE = CardiacSensor_WatchKit_Extension;
				INFOPLIST_FILE = "CardiacSensor WatchKit App/Info.plist";
				PRODUCT_BUNDLE_IDENTIFIER = com.ArrestedDev.CardiacSensor.watchkitapp;
				PRODUCT_NAME = "$(TARGET_NAME)";
				SDKROOT = watchos;
				SKIP_INSTALL = YES;
				TARGETED_DEVICE_FAMILY = 4;
				WATCHOS_DEPLOYMENT_TARGET = 2.2;
			};
			name = Debug;
		};
		F7FD95A21D83905200F4FB19 /* Release */ = {
			isa = XCBuildConfiguration;
			buildSettings = {
				ASSETCATALOG_COMPILER_APPICON_NAME = AppIcon;
				EMBEDDED_CONTENT_CONTAINS_SWIFT = YES;
				IBSC_MODULE = CardiacSensor_WatchKit_Extension;
				INFOPLIST_FILE = "CardiacSensor WatchKit App/Info.plist";
				PRODUCT_BUNDLE_IDENTIFIER = com.ArrestedDev.CardiacSensor.watchkitapp;
				PRODUCT_NAME = "$(TARGET_NAME)";
				SDKROOT = watchos;
				SKIP_INSTALL = YES;
				TARGETED_DEVICE_FAMILY = 4;
				WATCHOS_DEPLOYMENT_TARGET = 2.2;
			};
			name = Release;
		};
		F7FD95A51D83905200F4FB19 /* Debug */ = {
			isa = XCBuildConfiguration;
			buildSettings = {
				ASSETCATALOG_COMPILER_APPICON_NAME = AppIcon;
				INFOPLIST_FILE = CardiacSensor/Info.plist;
				LD_RUNPATH_SEARCH_PATHS = "$(inherited) @executable_path/Frameworks";
				PRODUCT_BUNDLE_IDENTIFIER = com.ArrestedDev.CardiacSensor;
				PRODUCT_NAME = "$(TARGET_NAME)";
			};
			name = Debug;
		};
		F7FD95A61D83905200F4FB19 /* Release */ = {
			isa = XCBuildConfiguration;
			buildSettings = {
				ASSETCATALOG_COMPILER_APPICON_NAME = AppIcon;
				INFOPLIST_FILE = CardiacSensor/Info.plist;
				LD_RUNPATH_SEARCH_PATHS = "$(inherited) @executable_path/Frameworks";
				PRODUCT_BUNDLE_IDENTIFIER = com.ArrestedDev.CardiacSensor;
				PRODUCT_NAME = "$(TARGET_NAME)";
			};
			name = Release;
		};
		F7FD95A81D83905200F4FB19 /* Debug */ = {
			isa = XCBuildConfiguration;
			buildSettings = {
				BUNDLE_LOADER = "$(TEST_HOST)";
				INFOPLIST_FILE = CardiacSensorTests/Info.plist;
				LD_RUNPATH_SEARCH_PATHS = "$(inherited) @executable_path/Frameworks @loader_path/Frameworks";
				PRODUCT_BUNDLE_IDENTIFIER = com.ArrestedDev.CardiacSensorTests;
				PRODUCT_NAME = "$(TARGET_NAME)";
				TEST_HOST = "$(BUILT_PRODUCTS_DIR)/CardiacSensor.app/CardiacSensor";
			};
			name = Debug;
		};
		F7FD95A91D83905200F4FB19 /* Release */ = {
			isa = XCBuildConfiguration;
			buildSettings = {
				BUNDLE_LOADER = "$(TEST_HOST)";
				INFOPLIST_FILE = CardiacSensorTests/Info.plist;
				LD_RUNPATH_SEARCH_PATHS = "$(inherited) @executable_path/Frameworks @loader_path/Frameworks";
				PRODUCT_BUNDLE_IDENTIFIER = com.ArrestedDev.CardiacSensorTests;
				PRODUCT_NAME = "$(TARGET_NAME)";
				TEST_HOST = "$(BUILT_PRODUCTS_DIR)/CardiacSensor.app/CardiacSensor";
			};
			name = Release;
		};
		F7FD95AB1D83905200F4FB19 /* Debug */ = {
			isa = XCBuildConfiguration;
			buildSettings = {
				INFOPLIST_FILE = CardiacSensorUITests/Info.plist;
				LD_RUNPATH_SEARCH_PATHS = "$(inherited) @executable_path/Frameworks @loader_path/Frameworks";
				PRODUCT_BUNDLE_IDENTIFIER = com.ArrestedDev.CardiacSensorUITests;
				PRODUCT_NAME = "$(TARGET_NAME)";
				TEST_TARGET_NAME = CardiacSensor;
			};
			name = Debug;
		};
		F7FD95AC1D83905200F4FB19 /* Release */ = {
			isa = XCBuildConfiguration;
			buildSettings = {
				INFOPLIST_FILE = CardiacSensorUITests/Info.plist;
				LD_RUNPATH_SEARCH_PATHS = "$(inherited) @executable_path/Frameworks @loader_path/Frameworks";
				PRODUCT_BUNDLE_IDENTIFIER = com.ArrestedDev.CardiacSensorUITests;
				PRODUCT_NAME = "$(TARGET_NAME)";
				TEST_TARGET_NAME = CardiacSensor;
			};
			name = Release;
		};
/* End XCBuildConfiguration section */

/* Begin XCConfigurationList section */
		F7FD954E1D83905100F4FB19 /* Build configuration list for PBXProject "CardiacSensor" */ = {
			isa = XCConfigurationList;
			buildConfigurations = (
				F7FD959A1D83905200F4FB19 /* Debug */,
				F7FD959B1D83905200F4FB19 /* Release */,
			);
			defaultConfigurationIsVisible = 0;
			defaultConfigurationName = Release;
		};
		F7FD959C1D83905200F4FB19 /* Build configuration list for PBXNativeTarget "CardiacSensor WatchKit Extension" */ = {
			isa = XCConfigurationList;
			buildConfigurations = (
				F7FD959D1D83905200F4FB19 /* Debug */,
				F7FD959E1D83905200F4FB19 /* Release */,
			);
			defaultConfigurationIsVisible = 0;
		};
		F7FD95A01D83905200F4FB19 /* Build configuration list for PBXNativeTarget "CardiacSensor WatchKit App" */ = {
			isa = XCConfigurationList;
			buildConfigurations = (
				F7FD95A11D83905200F4FB19 /* Debug */,
				F7FD95A21D83905200F4FB19 /* Release */,
			);
			defaultConfigurationIsVisible = 0;
		};
		F7FD95A41D83905200F4FB19 /* Build configuration list for PBXNativeTarget "CardiacSensor" */ = {
			isa = XCConfigurationList;
			buildConfigurations = (
				F7FD95A51D83905200F4FB19 /* Debug */,
				F7FD95A61D83905200F4FB19 /* Release */,
			);
			defaultConfigurationIsVisible = 0;
		};
		F7FD95A71D83905200F4FB19 /* Build configuration list for PBXNativeTarget "CardiacSensorTests" */ = {
			isa = XCConfigurationList;
			buildConfigurations = (
				F7FD95A81D83905200F4FB19 /* Debug */,
				F7FD95A91D83905200F4FB19 /* Release */,
			);
			defaultConfigurationIsVisible = 0;
		};
		F7FD95AA1D83905200F4FB19 /* Build configuration list for PBXNativeTarget "CardiacSensorUITests" */ = {
			isa = XCConfigurationList;
			buildConfigurations = (
				F7FD95AB1D83905200F4FB19 /* Debug */,
				F7FD95AC1D83905200F4FB19 /* Release */,
			);
			defaultConfigurationIsVisible = 0;
		};
/* End XCConfigurationList section */
	};
	rootObject = F7FD954B1D83905100F4FB19 /* Project object */;
}
